
Microsoft Visual Studio Solution File, Format Version 12.00
# Visual Studio Version 17
VisualStudioVersion = 17.6.33801.468
MinimumVisualStudioVersion = 10.0.40219.1
Project("{FAE04EC0-301F-11D3-BF4B-00C04F79EFBC}") = "Home_Work_30_04_2025", "Home_Work_30_04_2025\Home_Work_30_04_2025.csproj", "{97A0D158-8291-445C-B54E-2298FD642FCA}"
EndProject
Project("{FAE04EC0-301F-11D3-BF4B-00C04F79EFBC}") = "HW_Game", "HW_Game\HW_Game.csproj", "{1CCC5CB8-F9E1-44C3-B84A-2B59BFA3E77A}"
EndProject
Project("{FAE04EC0-301F-11D3-BF4B-00C04F79EFBC}") = "Calculator", "Calculator\Calculator.csproj", "{4D7789E2-47B6-424C-8491-FB3BFC8CAA19}"
EndProject
Project("{FAE04EC0-301F-11D3-BF4B-00C04F79EFBC}") = "Geometry", "Geometry\Geometry.csproj", "{31605B12-B3A5-42FE-9828-8D89E823455D}"
EndProject
Project("{FAE04EC0-301F-11D3-BF4B-00C04F79EFBC}") = "Rhombus", "Rhombus\Rhombus.csproj", "{AAD2A67C-4952-4CF1-B408-A5332B8559A8}"
EndProject
Project("{FAE04EC0-301F-11D3-BF4B-00C04F79EFBC}") = "ChessBoard", "ChessBoard\ChessBoard.csproj", "{D392F88D-451C-461F-B7F6-5BD76395890C}"
EndProject
Project("{FAE04EC0-301F-11D3-BF4B-00C04F79EFBC}") = "For_class_work", "For_class_work\For_class_work.csproj", "{766619C6-FEFB-4A04-A66E-EF370F7252FC}"
EndProject
Project("{FAE04EC0-301F-11D3-BF4B-00C04F79EFBC}") = "Calc", "Calc\Calc.csproj", "{370F35B2-9262-4BE3-9AA8-E0782F11E9D1}"
EndProject
Project("{FAE04EC0-301F-11D3-BF4B-00C04F79EFBC}") = "Point", "Point\Point.csproj", "{EB67F302-5C63-4796-B8EE-28143EC92E43}"
EndProject
Project("{FAE04EC0-301F-11D3-BF4B-00C04F79EFBC}") = "Fraction", "Fraction\Fraction.csproj", "{679AD715-5F3B-4EC6-A2FA-D1B0E4A032FB}"
EndProject
Project("{FAE04EC0-301F-11D3-BF4B-00C04F79EFBC}") = "Academy", "Academy\Academy.csproj", "{B2ECB83F-5C58-4F98-A76B-D7C42C4CF1F0}"
EndProject
Project("{9A19103F-16F7-4668-BE54-9A1E7A4F7556}") = "Geometry_Win_App", "Geometry_Win_App\Geometry_Win_App.csproj", "{813C24E8-8459-4226-8D3B-A22C632BB336}"
EndProject
Project("{FAE04EC0-301F-11D3-BF4B-00C04F79EFBC}") = "DataContainers", "DataContainers\DataContainers.csproj", "{04365DBC-8BBE-4035-B9F4-D3CEF4505864}"
EndProject
Project("{FAE04EC0-301F-11D3-BF4B-00C04F79EFBC}") = "ForwardList", "ForwardList\ForwardList.csproj", "{F532835B-706F-482A-B30E-930DB15D2F4A}"
EndProject
Project("{FAE04EC0-301F-11D3-BF4B-00C04F79EFBC}") = "Factorial", "Factorial\Factorial.csproj", "{26F8A989-C4DD-4E27-A3C3-A9B62E37166C}"
EndProject
Project("{FAE04EC0-301F-11D3-BF4B-00C04F79EFBC}") = "DoubleList", "DoubleList\DoubleList.csproj", "{88ACD650-1B06-461F-A92C-DDB8D480F6D6}"
EndProject
Global
	GlobalSection(SolutionConfigurationPlatforms) = preSolution
		Debug|Any CPU = Debug|Any CPU
		Release|Any CPU = Release|Any CPU
	EndGlobalSection
	GlobalSection(ProjectConfigurationPlatforms) = postSolution
		{97A0D158-8291-445C-B54E-2298FD642FCA}.Debug|Any CPU.ActiveCfg = Debug|Any CPU
		{97A0D158-8291-445C-B54E-2298FD642FCA}.Debug|Any CPU.Build.0 = Debug|Any CPU
		{97A0D158-8291-445C-B54E-2298FD642FCA}.Release|Any CPU.ActiveCfg = Release|Any CPU
		{97A0D158-8291-445C-B54E-2298FD642FCA}.Release|Any CPU.Build.0 = Release|Any CPU
		{1CCC5CB8-F9E1-44C3-B84A-2B59BFA3E77A}.Debug|Any CPU.ActiveCfg = Debug|Any CPU
		{1CCC5CB8-F9E1-44C3-B84A-2B59BFA3E77A}.Debug|Any CPU.Build.0 = Debug|Any CPU
		{1CCC5CB8-F9E1-44C3-B84A-2B59BFA3E77A}.Release|Any CPU.ActiveCfg = Release|Any CPU
		{1CCC5CB8-F9E1-44C3-B84A-2B59BFA3E77A}.Release|Any CPU.Build.0 = Release|Any CPU
		{4D7789E2-47B6-424C-8491-FB3BFC8CAA19}.Debug|Any CPU.ActiveCfg = Debug|Any CPU
		{4D7789E2-47B6-424C-8491-FB3BFC8CAA19}.Debug|Any CPU.Build.0 = Debug|Any CPU
		{4D7789E2-47B6-424C-8491-FB3BFC8CAA19}.Release|Any CPU.ActiveCfg = Release|Any CPU
		{4D7789E2-47B6-424C-8491-FB3BFC8CAA19}.Release|Any CPU.Build.0 = Release|Any CPU
		{31605B12-B3A5-42FE-9828-8D89E823455D}.Debug|Any CPU.ActiveCfg = Debug|Any CPU
		{31605B12-B3A5-42FE-9828-8D89E823455D}.Debug|Any CPU.Build.0 = Debug|Any CPU
		{31605B12-B3A5-42FE-9828-8D89E823455D}.Release|Any CPU.ActiveCfg = Release|Any CPU
		{31605B12-B3A5-42FE-9828-8D89E823455D}.Release|Any CPU.Build.0 = Release|Any CPU
		{AAD2A67C-4952-4CF1-B408-A5332B8559A8}.Debug|Any CPU.ActiveCfg = Debug|Any CPU
		{AAD2A67C-4952-4CF1-B408-A5332B8559A8}.Debug|Any CPU.Build.0 = Debug|Any CPU
		{AAD2A67C-4952-4CF1-B408-A5332B8559A8}.Release|Any CPU.ActiveCfg = Release|Any CPU
		{AAD2A67C-4952-4CF1-B408-A5332B8559A8}.Release|Any CPU.Build.0 = Release|Any CPU
		{D392F88D-451C-461F-B7F6-5BD76395890C}.Debug|Any CPU.ActiveCfg = Debug|Any CPU
		{D392F88D-451C-461F-B7F6-5BD76395890C}.Debug|Any CPU.Build.0 = Debug|Any CPU
		{D392F88D-451C-461F-B7F6-5BD76395890C}.Release|Any CPU.ActiveCfg = Release|Any CPU
		{D392F88D-451C-461F-B7F6-5BD76395890C}.Release|Any CPU.Build.0 = Release|Any CPU
		{766619C6-FEFB-4A04-A66E-EF370F7252FC}.Debug|Any CPU.ActiveCfg = Debug|Any CPU
		{766619C6-FEFB-4A04-A66E-EF370F7252FC}.Debug|Any CPU.Build.0 = Debug|Any CPU
		{766619C6-FEFB-4A04-A66E-EF370F7252FC}.Release|Any CPU.ActiveCfg = Release|Any CPU
		{766619C6-FEFB-4A04-A66E-EF370F7252FC}.Release|Any CPU.Build.0 = Release|Any CPU
		{370F35B2-9262-4BE3-9AA8-E0782F11E9D1}.Debug|Any CPU.ActiveCfg = Debug|Any CPU
		{370F35B2-9262-4BE3-9AA8-E0782F11E9D1}.Debug|Any CPU.Build.0 = Debug|Any CPU
		{370F35B2-9262-4BE3-9AA8-E0782F11E9D1}.Release|Any CPU.ActiveCfg = Release|Any CPU
		{370F35B2-9262-4BE3-9AA8-E0782F11E9D1}.Release|Any CPU.Build.0 = Release|Any CPU
		{EB67F302-5C63-4796-B8EE-28143EC92E43}.Debug|Any CPU.ActiveCfg = Debug|Any CPU
		{EB67F302-5C63-4796-B8EE-28143EC92E43}.Debug|Any CPU.Build.0 = Debug|Any CPU
		{EB67F302-5C63-4796-B8EE-28143EC92E43}.Release|Any CPU.ActiveCfg = Release|Any CPU
		{EB67F302-5C63-4796-B8EE-28143EC92E43}.Release|Any CPU.Build.0 = Release|Any CPU
		{679AD715-5F3B-4EC6-A2FA-D1B0E4A032FB}.Debug|Any CPU.ActiveCfg = Debug|Any CPU
		{679AD715-5F3B-4EC6-A2FA-D1B0E4A032FB}.Debug|Any CPU.Build.0 = Debug|Any CPU
		{679AD715-5F3B-4EC6-A2FA-D1B0E4A032FB}.Release|Any CPU.ActiveCfg = Release|Any CPU
		{679AD715-5F3B-4EC6-A2FA-D1B0E4A032FB}.Release|Any CPU.Build.0 = Release|Any CPU
		{B2ECB83F-5C58-4F98-A76B-D7C42C4CF1F0}.Debug|Any CPU.ActiveCfg = Debug|Any CPU
		{B2ECB83F-5C58-4F98-A76B-D7C42C4CF1F0}.Debug|Any CPU.Build.0 = Debug|Any CPU
		{B2ECB83F-5C58-4F98-A76B-D7C42C4CF1F0}.Release|Any CPU.ActiveCfg = Release|Any CPU
		{B2ECB83F-5C58-4F98-A76B-D7C42C4CF1F0}.Release|Any CPU.Build.0 = Release|Any CPU
		{813C24E8-8459-4226-8D3B-A22C632BB336}.Debug|Any CPU.ActiveCfg = Debug|Any CPU
		{813C24E8-8459-4226-8D3B-A22C632BB336}.Debug|Any CPU.Build.0 = Debug|Any CPU
		{813C24E8-8459-4226-8D3B-A22C632BB336}.Release|Any CPU.ActiveCfg = Release|Any CPU
		{813C24E8-8459-4226-8D3B-A22C632BB336}.Release|Any CPU.Build.0 = Release|Any CPU
		{04365DBC-8BBE-4035-B9F4-D3CEF4505864}.Debug|Any CPU.ActiveCfg = Debug|Any CPU
		{04365DBC-8BBE-4035-B9F4-D3CEF4505864}.Debug|Any CPU.Build.0 = Debug|Any CPU
		{04365DBC-8BBE-4035-B9F4-D3CEF4505864}.Release|Any CPU.ActiveCfg = Release|Any CPU
		{04365DBC-8BBE-4035-B9F4-D3CEF4505864}.Release|Any CPU.Build.0 = Release|Any CPU
		{F532835B-706F-482A-B30E-930DB15D2F4A}.Debug|Any CPU.ActiveCfg = Debug|Any CPU
		{F532835B-706F-482A-B30E-930DB15D2F4A}.Debug|Any CPU.Build.0 = Debug|Any CPU
		{F532835B-706F-482A-B30E-930DB15D2F4A}.Release|Any CPU.ActiveCfg = Release|Any CPU
		{F532835B-706F-482A-B30E-930DB15D2F4A}.Release|Any CPU.Build.0 = Release|Any CPU
		{26F8A989-C4DD-4E27-A3C3-A9B62E37166C}.Debug|Any CPU.ActiveCfg = Debug|Any CPU
		{26F8A989-C4DD-4E27-A3C3-A9B62E37166C}.Debug|Any CPU.Build.0 = Debug|Any CPU
		{26F8A989-C4DD-4E27-A3C3-A9B62E37166C}.Release|Any CPU.ActiveCfg = Release|Any CPU
		{26F8A989-C4DD-4E27-A3C3-A9B62E37166C}.Release|Any CPU.Build.0 = Release|Any CPU
		{88ACD650-1B06-461F-A92C-DDB8D480F6D6}.Debug|Any CPU.ActiveCfg = Debug|Any CPU
		{88ACD650-1B06-461F-A92C-DDB8D480F6D6}.Debug|Any CPU.Build.0 = Debug|Any CPU
		{88ACD650-1B06-461F-A92C-DDB8D480F6D6}.Release|Any CPU.ActiveCfg = Release|Any CPU
		{88ACD650-1B06-461F-A92C-DDB8D480F6D6}.Release|Any CPU.Build.0 = Release|Any CPU
	EndGlobalSection
	GlobalSection(SolutionProperties) = preSolution
		HideSolutionNode = FALSE
	EndGlobalSection
	GlobalSection(ExtensibilityGlobals) = postSolution
		SolutionGuid = {F3BEA4C2-C055-4B33-B98E-DA268CC30737}
	EndGlobalSection
EndGlobal
